
Microsoft Visual Studio Solution File, Format Version 12.00
# Visual Studio 14
VisualStudioVersion = 14.0.24720.0
MinimumVisualStudioVersion = 10.0.40219.1
Project("{2150E333-8FDC-42A3-9474-1A3956D46DE8}") = "Solution Items", "Solution Items", "{D092C1A7-82C6-47A9-B1CE-3E976A271243}"
EndProject
Project("{8BC9CEB8-8B4A-11D0-8D11-00A0C91BC942}") = "tetris", "tetris\tetris.vcxproj", "{27478A14-3442-41BF-A28B-4F5805DF13CB}"
EndProject
Global
	GlobalSection(SolutionConfigurationPlatforms) = preSolution
		Debug|Win32 = Debug|Win32
		Debug|x64 = Debug|x64
		Debug|x86 = Debug|x86
		Release|Win32 = Release|Win32
		Release|x64 = Release|x64
		Release|x86 = Release|x86
	EndGlobalSection
	GlobalSection(ProjectConfigurationPlatforms) = postSolution
		{27478A14-3442-41BF-A28B-4F5805DF13CB}.Debug|Win32.ActiveCfg = Debug|Win32
		{27478A14-3442-41BF-A28B-4F5805DF13CB}.Debug|Win32.Build.0 = Debug|Win32
		{27478A14-3442-41BF-A28B-4F5805DF13CB}.Debug|x64.ActiveCfg = Debug|Win32
		{27478A14-3442-41BF-A28B-4F5805DF13CB}.Debug|x64.Build.0 = Debug|Win32
		{27478A14-3442-41BF-A28B-4F5805DF13CB}.Debug|x86.ActiveCfg = Debug|Win32
		{27478A14-3442-41BF-A28B-4F5805DF13CB}.Debug|x86.Build.0 = Debug|Win32
		{27478A14-3442-41BF-A28B-4F5805DF13CB}.Release|Win32.ActiveCfg = Release|Win32
		{27478A14-3442-41BF-A28B-4F5805DF13CB}.Release|Win32.Build.0 = Release|Win32
		{27478A14-3442-41BF-A28B-4F5805DF13CB}.Release|x64.ActiveCfg = Release|x64
		{27478A14-3442-41BF-A28B-4F5805DF13CB}.Release|x64.Build.0 = Release|x64
		{27478A14-3442-41BF-A28B-4F5805DF13CB}.Release|x86.ActiveCfg = Release|Win32
		{27478A14-3442-41BF-A28B-4F5805DF13CB}.Release|x86.Build.0 = Release|Win32
	EndGlobalSection
	GlobalSection(SolutionProperties) = preSolution
		HideSolutionNode = FALSE
	EndGlobalSection
	GlobalSection(NestedProjects) = preSolution
		{27478A14-3442-41BF-A28B-4F5805DF13CB} = {D092C1A7-82C6-47A9-B1CE-3E976A271243}
	EndGlobalSection
EndGlobal
